
Microsoft Visual Studio Solution File, Format Version 12.00
# Visual Studio Version 16
VisualStudioVersion = 16.0.29728.190
MinimumVisualStudioVersion = 10.0.40219.1
Project("{9A19103F-16F7-4668-BE54-9A1E7A4F7556}") = "ToDoList.Mvc", "ToDoList\ToDoList.Mvc.csproj", "{6163B17B-71D2-4526-BD6F-EF16CB95CDB9}"
EndProject
Project("{FAE04EC0-301F-11D3-BF4B-00C04F79EFBC}") = "ToDoList.Business", "ToDoList.Business\ToDoList.Business.csproj", "{3AE48ED9-5678-4FAA-A1DF-64A2F6C85E9F}"
EndProject
Project("{FAE04EC0-301F-11D3-BF4B-00C04F79EFBC}") = "ToDoList.Business.EntityFramework", "ToDoList.Business.Entity\ToDoList.Business.EntityFramework.csproj", "{940A0F36-DBA8-4EBA-B510-450D3D954C25}"
EndProject
Project("{FAE04EC0-301F-11D3-BF4B-00C04F79EFBC}") = "ToDoList.Business.Test", "ToDoList.Business.Test\ToDoList.Business.Test.csproj", "{E17B80B4-E8DA-446B-A69F-B82B34FD5D9B}"
EndProject
Project("{FAE04EC0-301F-11D3-BF4B-00C04F79EFBC}") = "ToDoList.Model", "ToDoList.Data\ToDoList.Model.csproj", "{13CEBA98-9479-421C-AEA4-F9891479E0DB}"
EndProject
Project("{FAE04EC0-301F-11D3-BF4B-00C04F79EFBC}") = "ToDoList.Bussiness.Contract", "ToDoList.Bussiness.Contract\ToDoList.Bussiness.Contract.csproj", "{E3FB6F83-EE10-4C3B-867F-5E4E4BA69166}"
EndProject
Global
	GlobalSection(SolutionConfigurationPlatforms) = preSolution
		Debug|Any CPU = Debug|Any CPU
		Release|Any CPU = Release|Any CPU
	EndGlobalSection
	GlobalSection(ProjectConfigurationPlatforms) = postSolution
		{6163B17B-71D2-4526-BD6F-EF16CB95CDB9}.Debug|Any CPU.ActiveCfg = Debug|Any CPU
		{6163B17B-71D2-4526-BD6F-EF16CB95CDB9}.Debug|Any CPU.Build.0 = Debug|Any CPU
		{6163B17B-71D2-4526-BD6F-EF16CB95CDB9}.Release|Any CPU.ActiveCfg = Release|Any CPU
		{6163B17B-71D2-4526-BD6F-EF16CB95CDB9}.Release|Any CPU.Build.0 = Release|Any CPU
		{3AE48ED9-5678-4FAA-A1DF-64A2F6C85E9F}.Debug|Any CPU.ActiveCfg = Debug|Any CPU
		{3AE48ED9-5678-4FAA-A1DF-64A2F6C85E9F}.Debug|Any CPU.Build.0 = Debug|Any CPU
		{3AE48ED9-5678-4FAA-A1DF-64A2F6C85E9F}.Release|Any CPU.ActiveCfg = Release|Any CPU
		{3AE48ED9-5678-4FAA-A1DF-64A2F6C85E9F}.Release|Any CPU.Build.0 = Release|Any CPU
		{940A0F36-DBA8-4EBA-B510-450D3D954C25}.Debug|Any CPU.ActiveCfg = Debug|Any CPU
		{940A0F36-DBA8-4EBA-B510-450D3D954C25}.Debug|Any CPU.Build.0 = Debug|Any CPU
		{940A0F36-DBA8-4EBA-B510-450D3D954C25}.Release|Any CPU.ActiveCfg = Release|Any CPU
		{940A0F36-DBA8-4EBA-B510-450D3D954C25}.Release|Any CPU.Build.0 = Release|Any CPU
		{E17B80B4-E8DA-446B-A69F-B82B34FD5D9B}.Debug|Any CPU.ActiveCfg = Debug|Any CPU
		{E17B80B4-E8DA-446B-A69F-B82B34FD5D9B}.Debug|Any CPU.Build.0 = Debug|Any CPU
		{E17B80B4-E8DA-446B-A69F-B82B34FD5D9B}.Release|Any CPU.ActiveCfg = Release|Any CPU
		{E17B80B4-E8DA-446B-A69F-B82B34FD5D9B}.Release|Any CPU.Build.0 = Release|Any CPU
		{13CEBA98-9479-421C-AEA4-F9891479E0DB}.Debug|Any CPU.ActiveCfg = Debug|Any CPU
		{13CEBA98-9479-421C-AEA4-F9891479E0DB}.Debug|Any CPU.Build.0 = Debug|Any CPU
		{13CEBA98-9479-421C-AEA4-F9891479E0DB}.Release|Any CPU.ActiveCfg = Release|Any CPU
		{13CEBA98-9479-421C-AEA4-F9891479E0DB}.Release|Any CPU.Build.0 = Release|Any CPU
		{E3FB6F83-EE10-4C3B-867F-5E4E4BA69166}.Debug|Any CPU.ActiveCfg = Debug|Any CPU
		{E3FB6F83-EE10-4C3B-867F-5E4E4BA69166}.Debug|Any CPU.Build.0 = Debug|Any CPU
		{E3FB6F83-EE10-4C3B-867F-5E4E4BA69166}.Release|Any CPU.ActiveCfg = Release|Any CPU
		{E3FB6F83-EE10-4C3B-867F-5E4E4BA69166}.Release|Any CPU.Build.0 = Release|Any CPU
	EndGlobalSection
	GlobalSection(SolutionProperties) = preSolution
		HideSolutionNode = FALSE
	EndGlobalSection
	GlobalSection(ExtensibilityGlobals) = postSolution
		SolutionGuid = {5A350324-CAE4-4CA7-8C63-E7E627E6EF1A}
	EndGlobalSection
EndGlobal
